
Microsoft Visual Studio Solution File, Format Version 12.00
# Visual Studio Version 16
VisualStudioVersion = 16.0.30225.117
MinimumVisualStudioVersion = 10.0.40219.1
Project("{FAE04EC0-301F-11D3-BF4B-00C04F79EFBC}") = "Cronus XY JoystickPlot", "Cronus XY JoystickPlot\Cronus XY JoystickPlot.csproj", "{0D7EC136-0D18-4F61-AD65-A9DC0E3A4ECE}"
EndProject
Global
	GlobalSection(SolutionConfigurationPlatforms) = preSolution
		Debug|Any CPU = Debug|Any CPU
		Release|Any CPU = Release|Any CPU
	EndGlobalSection
	GlobalSection(ProjectConfigurationPlatforms) = postSolution
		{0D7EC136-0D18-4F61-AD65-A9DC0E3A4ECE}.Debug|Any CPU.ActiveCfg = Debug|Any CPU
		{0D7EC136-0D18-4F61-AD65-A9DC0E3A4ECE}.Debug|Any CPU.Build.0 = Debug|Any CPU
		{0D7EC136-0D18-4F61-AD65-A9DC0E3A4ECE}.Release|Any CPU.ActiveCfg = Release|Any CPU
		{0D7EC136-0D18-4F61-AD65-A9DC0E3A4ECE}.Release|Any CPU.Build.0 = Release|Any CPU
	EndGlobalSection
	GlobalSection(SolutionProperties) = preSolution
		HideSolutionNode = FALSE
	EndGlobalSection
	GlobalSection(ExtensibilityGlobals) = postSolution
		SolutionGuid = {38DA23D8-152B-4C96-B803-8B5C9843D837}
	EndGlobalSection
EndGlobal
